
Microsoft Visual Studio Solution File, Format Version 12.00
# Visual Studio Version 16
VisualStudioVersion = 16.0.31515.178
MinimumVisualStudioVersion = 10.0.40219.1
Project("{FAE04EC0-301F-11D3-BF4B-00C04F79EFBC}") = "IdleGameV2", "IdleGameV2.csproj", "{278907FA-3F3A-4DCC-9EC3-815A3FD1DE94}"
EndProject
Global
	GlobalSection(SolutionConfigurationPlatforms) = preSolution
		Debug|Any CPU = Debug|Any CPU
		Release|Any CPU = Release|Any CPU
	EndGlobalSection
	GlobalSection(ProjectConfigurationPlatforms) = postSolution
		{278907FA-3F3A-4DCC-9EC3-815A3FD1DE94}.Debug|Any CPU.ActiveCfg = Debug|Any CPU
		{278907FA-3F3A-4DCC-9EC3-815A3FD1DE94}.Debug|Any CPU.Build.0 = Debug|Any CPU
		{278907FA-3F3A-4DCC-9EC3-815A3FD1DE94}.Release|Any CPU.ActiveCfg = Release|Any CPU
		{278907FA-3F3A-4DCC-9EC3-815A3FD1DE94}.Release|Any CPU.Build.0 = Release|Any CPU
	EndGlobalSection
	GlobalSection(SolutionProperties) = preSolution
		HideSolutionNode = FALSE
	EndGlobalSection
	GlobalSection(ExtensibilityGlobals) = postSolution
		SolutionGuid = {464DC3AA-4B56-4C22-9A98-56B8B7401C58}
	EndGlobalSection
EndGlobal
